PODS:
  - Google-Mobile-Ads-SDK (7.41.0)
  - VungleSDK-iOS (5.4.0)

DEPENDENCIES:
  - Google-Mobile-Ads-SDK
  - VungleSDK-iOS (~> 5.0)

SPEC REPOS:
  https://github.com/cocoapods/specs.git:
    - Google-Mobile-Ads-SDK
    - VungleSDK-iOS

SPEC CHECKSUMS:
  Google-Mobile-Ads-SDK: 101ce89b94fdf60ec64ba7b6e9b9d812dc765936
  VungleSDK-iOS: bf5bb77eedc065e28c34d8613b027ef9cc3053c2

PODFILE CHECKSUM: 40f5b31f13791bcd2763452fd4ab4edd155bb1df

COCOAPODS: 1.5.3
